{
  "name": "@aws-cbd/anonymity-core",
  "version": "0.0.1",
  "lockfileVersion": 3,
  "requires": true,
  "packages": {
    "": {
      "name": "@aws-cbd/anonymity-core",
      "version": "0.0.1",
      "license": "Apache-2.0",
      "dependencies": {
        "@cloudflare/blindrsa-ts": "^0.4.4"
      },
      "devDependencies": {
        "fast-check": "^4.8.0"
      },
      "engines": {
        "node": ">=22.6.0"
      }
    },
    "node_modules/@cloudflare/blindrsa-ts": {
      "version": "0.4.4",
      "resolved": "https://registry.npmjs.org/@cloudflare/blindrsa-ts/-/blindrsa-ts-0.4.4.tgz",
      "integrity": "sha512-EqMdFp4nTWZW+lAIg8RpMVgkMk2LfEC19JB05iZVE4QsuWfz1SNM8/sUD0ZeLeA6fO9bDkZEDjT2lJCBadx1dw==",
      "license": "Apache-2.0",
      "dependencies": {
        "sjcl": "1.0.8"
      },
      "engines": {
        "node": ">=20"
      }
    },
    "node_modules/fast-check": {
      "version": "4.8.0",
      "resolved": "https://registry.npmjs.org/fast-check/-/fast-check-4.8.0.tgz",
      "integrity": "sha512-GOJ158CUMnN6cSahsv4+ExARvIDuzzinFjkp0E9WtiBa5zcVeLozVkWaE4IzFcc+Y48Wp1EDlUZsXRyAztQcSg==",
      "dev": true,
      "funding": [
        {
          "type": "individual",
          "url": "https://github.com/sponsors/dubzzz"
        },
        {
          "type": "opencollective",
          "url": "https://opencollective.com/fast-check"
        }
      ],
      "license": "MIT",
      "dependencies": {
        "pure-rand": "^8.0.0"
      },
      "engines": {
        "node": ">=12.17.0"
      }
    },
    "node_modules/pure-rand": {
      "version": "8.4.1",
      "resolved": "https://registry.npmjs.org/pure-rand/-/pure-rand-8.4.1.tgz",
      "integrity": "sha512-c58R2+SPFcSIPXoU834QN/KPDDOSd8sXcSrqf6e83Me6Rrp1EYkxukkjXMVrKvKaADs1SOyNkWdfvLf6zY8qLQ==",
      "dev": true,
      "funding": [
        {
          "type": "individual",
          "url": "https://github.com/sponsors/dubzzz"
        },
        {
          "type": "opencollective",
          "url": "https://opencollective.com/fast-check"
        }
      ],
      "license": "MIT"
    },
    "node_modules/sjcl": {
      "version": "1.0.8",
      "resolved": "https://registry.npmjs.org/sjcl/-/sjcl-1.0.8.tgz",
      "integrity": "sha512-LzIjEQ0S0DpIgnxMEayM1rq9aGwGRG4OnZhCdjx7glTaJtf4zRfpg87ImfjSJjoW9vKpagd82McDOwbRT5kQKQ==",
      "license": "(BSD-2-Clause OR GPL-2.0-only)",
      "engines": {
        "node": "*"
      }
    }
  }
}
